
Microsoft Visual Studio Solution File, Format Version 12.00
# Visual Studio Version 17
VisualStudioVersion = 17.0.31903.59
MinimumVisualStudioVersion = 10.0.40219.1
Project("{2150E333-8FDC-42A3-9474-1A3956D46DE8}") = "src", "src", "{EC372302-1201-466B-B2E4-017B70CEA75E}"
EndProject
Project("{FAE04EC0-301F-11D3-BF4B-00C04F79EFBC}") = "Loto.AppHost", "src\Loto.AppHost\Loto.AppHost.csproj", "{2814E37E-29D5-4D5B-94A7-BEA26952E7A6}"
EndProject
Project("{FAE04EC0-301F-11D3-BF4B-00C04F79EFBC}") = "Loto.Api", "src\Loto.Api\Loto.Api.csproj", "{8D5DC8DE-A0A7-46C9-AF6B-36BF1C552A29}"
EndProject
Project("{FAE04EC0-301F-11D3-BF4B-00C04F79EFBC}") = "Loto.Ingestion.Worker", "src\Loto.Ingestion.Worker\Loto.Ingestion.Worker.csproj", "{CA2C332F-C50A-4A23-91C9-C66FDF6AE6A6}"
EndProject
Project("{FAE04EC0-301F-11D3-BF4B-00C04F79EFBC}") = "Loto.Domain", "src\Loto.Domain\Loto.Domain.csproj", "{020B2251-CFA6-4840-8DDC-7B3D9FAD8E5E}"
EndProject
Project("{FAE04EC0-301F-11D3-BF4B-00C04F79EFBC}") = "Loto.Infrastructure", "src\Loto.Infrastructure\Loto.Infrastructure.csproj", "{9F6A1CC5-0BD1-4D99-8509-AB6CFDA6D550}"
EndProject
Global
	GlobalSection(SolutionConfigurationPlatforms) = preSolution
		Debug|Any CPU = Debug|Any CPU
		Release|Any CPU = Release|Any CPU
	EndGlobalSection
	GlobalSection(SolutionProperties) = preSolution
		HideSolutionNode = FALSE
	EndGlobalSection
	GlobalSection(ProjectConfigurationPlatforms) = postSolution
		{2814E37E-29D5-4D5B-94A7-BEA26952E7A6}.Debug|Any CPU.ActiveCfg = Debug|Any CPU
		{2814E37E-29D5-4D5B-94A7-BEA26952E7A6}.Debug|Any CPU.Build.0 = Debug|Any CPU
		{2814E37E-29D5-4D5B-94A7-BEA26952E7A6}.Release|Any CPU.ActiveCfg = Release|Any CPU
		{2814E37E-29D5-4D5B-94A7-BEA26952E7A6}.Release|Any CPU.Build.0 = Release|Any CPU
		{8D5DC8DE-A0A7-46C9-AF6B-36BF1C552A29}.Debug|Any CPU.ActiveCfg = Debug|Any CPU
		{8D5DC8DE-A0A7-46C9-AF6B-36BF1C552A29}.Debug|Any CPU.Build.0 = Debug|Any CPU
		{8D5DC8DE-A0A7-46C9-AF6B-36BF1C552A29}.Release|Any CPU.ActiveCfg = Release|Any CPU
		{8D5DC8DE-A0A7-46C9-AF6B-36BF1C552A29}.Release|Any CPU.Build.0 = Release|Any CPU
		{CA2C332F-C50A-4A23-91C9-C66FDF6AE6A6}.Debug|Any CPU.ActiveCfg = Debug|Any CPU
		{CA2C332F-C50A-4A23-91C9-C66FDF6AE6A6}.Debug|Any CPU.Build.0 = Debug|Any CPU
		{CA2C332F-C50A-4A23-91C9-C66FDF6AE6A6}.Release|Any CPU.ActiveCfg = Release|Any CPU
		{CA2C332F-C50A-4A23-91C9-C66FDF6AE6A6}.Release|Any CPU.Build.0 = Release|Any CPU
		{020B2251-CFA6-4840-8DDC-7B3D9FAD8E5E}.Debug|Any CPU.ActiveCfg = Debug|Any CPU
		{020B2251-CFA6-4840-8DDC-7B3D9FAD8E5E}.Debug|Any CPU.Build.0 = Debug|Any CPU
		{020B2251-CFA6-4840-8DDC-7B3D9FAD8E5E}.Release|Any CPU.ActiveCfg = Release|Any CPU
		{020B2251-CFA6-4840-8DDC-7B3D9FAD8E5E}.Release|Any CPU.Build.0 = Release|Any CPU
		{9F6A1CC5-0BD1-4D99-8509-AB6CFDA6D550}.Debug|Any CPU.ActiveCfg = Debug|Any CPU
		{9F6A1CC5-0BD1-4D99-8509-AB6CFDA6D550}.Debug|Any CPU.Build.0 = Debug|Any CPU
		{9F6A1CC5-0BD1-4D99-8509-AB6CFDA6D550}.Release|Any CPU.ActiveCfg = Release|Any CPU
		{9F6A1CC5-0BD1-4D99-8509-AB6CFDA6D550}.Release|Any CPU.Build.0 = Release|Any CPU
	EndGlobalSection
	GlobalSection(NestedProjects) = preSolution
		{2814E37E-29D5-4D5B-94A7-BEA26952E7A6} = {EC372302-1201-466B-B2E4-017B70CEA75E}
		{8D5DC8DE-A0A7-46C9-AF6B-36BF1C552A29} = {EC372302-1201-466B-B2E4-017B70CEA75E}
		{CA2C332F-C50A-4A23-91C9-C66FDF6AE6A6} = {EC372302-1201-466B-B2E4-017B70CEA75E}
		{020B2251-CFA6-4840-8DDC-7B3D9FAD8E5E} = {EC372302-1201-466B-B2E4-017B70CEA75E}
		{9F6A1CC5-0BD1-4D99-8509-AB6CFDA6D550} = {EC372302-1201-466B-B2E4-017B70CEA75E}
	EndGlobalSection
EndGlobal
